
Microsoft Visual Studio Solution File, Format Version 12.00
# Visual Studio Version 16
VisualStudioVersion = 16.0.30907.101
MinimumVisualStudioVersion = 10.0.40219.1
Project("{FAE04EC0-301F-11D3-BF4B-00C04F79EFBC}") = "BlazorFileUploads.Client", "BlazorFileUploads\Client\BlazorFileUploads.Client.csproj", "{D92D9859-A1E4-4997-A4F6-A7AD8ED31BAF}"
EndProject
Project("{FAE04EC0-301F-11D3-BF4B-00C04F79EFBC}") = "BlazorFileUploads.Shared", "BlazorFileUploads\Shared\BlazorFileUploads.Shared.csproj", "{987F916D-BF37-46C2-B3E7-7FC49AB7B4A8}"
EndProject
Global
	GlobalSection(SolutionConfigurationPlatforms) = preSolution
		Debug|Any CPU = Debug|Any CPU
		Release|Any CPU = Release|Any CPU
	EndGlobalSection
	GlobalSection(ProjectConfigurationPlatforms) = postSolution
		{D92D9859-A1E4-4997-A4F6-A7AD8ED31BAF}.Debug|Any CPU.ActiveCfg = Debug|Any CPU
		{D92D9859-A1E4-4997-A4F6-A7AD8ED31BAF}.Debug|Any CPU.Build.0 = Debug|Any CPU
		{D92D9859-A1E4-4997-A4F6-A7AD8ED31BAF}.Release|Any CPU.ActiveCfg = Release|Any CPU
		{D92D9859-A1E4-4997-A4F6-A7AD8ED31BAF}.Release|Any CPU.Build.0 = Release|Any CPU
		{987F916D-BF37-46C2-B3E7-7FC49AB7B4A8}.Debug|Any CPU.ActiveCfg = Debug|Any CPU
		{987F916D-BF37-46C2-B3E7-7FC49AB7B4A8}.Debug|Any CPU.Build.0 = Debug|Any CPU
		{987F916D-BF37-46C2-B3E7-7FC49AB7B4A8}.Release|Any CPU.ActiveCfg = Release|Any CPU
		{987F916D-BF37-46C2-B3E7-7FC49AB7B4A8}.Release|Any CPU.Build.0 = Release|Any CPU
	EndGlobalSection
	GlobalSection(SolutionProperties) = preSolution
		HideSolutionNode = FALSE
	EndGlobalSection
	GlobalSection(ExtensibilityGlobals) = postSolution
		SolutionGuid = {999CD2F2-1FA6-4E07-8218-164693A054E3}
	EndGlobalSection
EndGlobal
